
Microsoft Visual Studio Solution File, Format Version 12.00
# Visual Studio Express 2012 for Windows Desktop
Project("{FAE04EC0-301F-11D3-BF4B-00C04F79EFBC}") = "BlackJackSim", "BlackJackSim\BlackJackSim.csproj", "{3F124B5E-BCAD-4CC5-8DA8-4CEC60DC6623}"
EndProject
Project("{FAE04EC0-301F-11D3-BF4B-00C04F79EFBC}") = "BlackJackCon", "BlackJackCon\BlackJackCon.csproj", "{4A0F1632-B74B-4B6E-AD80-6077A2FF8897}"
EndProject
Project("{FAE04EC0-301F-11D3-BF4B-00C04F79EFBC}") = "BlackJackWin", "BlackJackWin\BlackJackWin.csproj", "{0FCDFA08-9718-4248-9E2B-76E060C38B0A}"
EndProject
Global
	GlobalSection(SolutionConfigurationPlatforms) = preSolution
		Debug|Any CPU = Debug|Any CPU
		Release|Any CPU = Release|Any CPU
	EndGlobalSection
	GlobalSection(ProjectConfigurationPlatforms) = postSolution
		{3F124B5E-BCAD-4CC5-8DA8-4CEC60DC6623}.Debug|Any CPU.ActiveCfg = Debug|Any CPU
		{3F124B5E-BCAD-4CC5-8DA8-4CEC60DC6623}.Debug|Any CPU.Build.0 = Debug|Any CPU
		{3F124B5E-BCAD-4CC5-8DA8-4CEC60DC6623}.Release|Any CPU.ActiveCfg = Release|Any CPU
		{3F124B5E-BCAD-4CC5-8DA8-4CEC60DC6623}.Release|Any CPU.Build.0 = Release|Any CPU
		{4A0F1632-B74B-4B6E-AD80-6077A2FF8897}.Debug|Any CPU.ActiveCfg = Debug|Any CPU
		{4A0F1632-B74B-4B6E-AD80-6077A2FF8897}.Debug|Any CPU.Build.0 = Debug|Any CPU
		{4A0F1632-B74B-4B6E-AD80-6077A2FF8897}.Release|Any CPU.ActiveCfg = Release|Any CPU
		{4A0F1632-B74B-4B6E-AD80-6077A2FF8897}.Release|Any CPU.Build.0 = Release|Any CPU
		{0FCDFA08-9718-4248-9E2B-76E060C38B0A}.Debug|Any CPU.ActiveCfg = Debug|Any CPU
		{0FCDFA08-9718-4248-9E2B-76E060C38B0A}.Debug|Any CPU.Build.0 = Debug|Any CPU
		{0FCDFA08-9718-4248-9E2B-76E060C38B0A}.Release|Any CPU.ActiveCfg = Release|Any CPU
		{0FCDFA08-9718-4248-9E2B-76E060C38B0A}.Release|Any CPU.Build.0 = Release|Any CPU
	EndGlobalSection
	GlobalSection(SolutionProperties) = preSolution
		HideSolutionNode = FALSE
	EndGlobalSection
EndGlobal
